{
  "name": "gaphor",
  "version": "1.0.0",
  "lockfileVersion": 3,
  "requires": true,
  "packages": {
    "": {
      "name": "gaphor",
      "version": "1.0.0",
      "dependencies": {
        "elkjs": "^0.9.3"
      }
    },
    "node_modules/elkjs": {
      "version": "0.9.3",
      "resolved": "https://registry.npmjs.org/elkjs/-/elkjs-0.9.3.tgz",
      "integrity": "sha512-f/ZeWvW/BCXbhGEf1Ujp29EASo/lk1FDnETgNKwJrsVvGZhUWCZyg3xLJjAsxfOmt8KjswHmI5EwCQcPMpOYhQ==",
      "license": "EPL-2.0"
    }
  }
}
